// !$*UTF8*$!
{
	archiveVersion = 1;
	classes = {
	};
	objectVersion = 56;
	objects = {

/* Begin PBXBuildFile section */
		EE667B74296F9FE600102EF1 /* AppDelegate.swift in Sources */ = {isa = PBXBuildFile; fileRef = EE667B73296F9FE600102EF1 /* AppDelegate.swift */; };
		EE667B76296F9FE600102EF1 /* SceneDelegate.swift in Sources */ = {isa = PBXBuildFile; fileRef = EE667B75296F9FE600102EF1 /* SceneDelegate.swift */; };
		EE667B78296F9FE600102EF1 /* ViewController.swift in Sources */ = {isa = PBXBuildFile; fileRef = EE667B77296F9FE600102EF1 /* ViewController.swift */; };
		EE667B7B296F9FE600102EF1 /* Main.storyboard in Resources */ = {isa = PBXBuildFile; fileRef = EE667B79296F9FE600102EF1 /* Main.storyboard */; };
		EE667B7D296F9FE800102EF1 /* Assets.xcassets in Resources */ = {isa = PBXBuildFile; fileRef = EE667B7C296F9FE800102EF1 /* Assets.xcassets */; };
		EE667B80296F9FE800102EF1 /* LaunchScreen.storyboard in Resources */ = {isa = PBXBuildFile; fileRef = EE667B7E296F9FE800102EF1 /* LaunchScreen.storyboard */; };
		EE667B8B296F9FE800102EF1 /* SentimentAppTests.swift in Sources */ = {isa = PBXBuildFile; fileRef = EE667B8A296F9FE800102EF1 /* SentimentAppTests.swift */; };
		EE667B95296F9FE800102EF1 /* SentimentAppUITests.swift in Sources */ = {isa = PBXBuildFile; fileRef = EE667B94296F9FE800102EF1 /* SentimentAppUITests.swift */; };
		EE667B97296F9FE800102EF1 /* SentimentAppUITestsLaunchTests.swift in Sources */ = {isa = PBXBuildFile; fileRef = EE667B96296F9FE800102EF1 /* SentimentAppUITestsLaunchTests.swift */; };
/* End PBXBuildFile section */

/* Begin PBXContainerItemProxy section */
		EE667B87296F9FE800102EF1 /* PBXContainerItemProxy */ = {
			isa = PBXContainerItemProxy;
			containerPortal = EE667B68296F9FE600102EF1 /* Project object */;
			proxyType = 1;
			remoteGlobalIDString = EE667B6F296F9FE600102EF1;
			remoteInfo = SentimentApp;
		};
		EE667B91296F9FE800102EF1 /* PBXContainerItemProxy */ = {
			isa = PBXContainerItemProxy;
			containerPortal = EE667B68296F9FE600102EF1 /* Project object */;
			proxyType = 1;
			remoteGlobalIDString = EE667B6F296F9FE600102EF1;
			remoteInfo = SentimentApp;
		};
/* End PBXContainerItemProxy section */

/* Begin PBXFileReference section */
		EE667B70296F9FE600102EF1 /* SentimentApp.app */ = {isa = PBXFileReference; explicitFileType = wrapper.application; includeInIndex = 0; path = SentimentApp.app; sourceTree = BUILT_PRODUCTS_DIR; };
		EE667B73296F9FE600102EF1 /* AppDelegate.swift */ = {isa = PBXFileReference; lastKnownFileType = sourcecode.swift; path = AppDelegate.swift; sourceTree = "<group>"; };
		EE667B75296F9FE600102EF1 /* SceneDelegate.swift */ = {isa = PBXFileReference; lastKnownFileType = sourcecode.swift; path = SceneDelegate.swift; sourceTree = "<group>"; };
		EE667B77296F9FE600102EF1 /* ViewController.swift */ = {isa = PBXFileReference; lastKnownFileType = sourcecode.swift; path = ViewController.swift; sourceTree = "<group>"; };
		EE667B7A296F9FE600102EF1 /* Base */ = {isa = PBXFileReference; lastKnownFileType = file.storyboard; name = Base; path = Base.lproj/Main.storyboard; sourceTree = "<group>"; };
		EE667B7C296F9FE800102EF1 /* Assets.xcassets */ = {isa = PBXFileReference; lastKnownFileType = folder.assetcatalog; path = Assets.xcassets; sourceTree = "<group>"; };
		EE667B7F296F9FE800102EF1 /* Base */ = {isa = PBXFileReference; lastKnownFileType = file.storyboard; name = Base; path = Base.lproj/LaunchScreen.storyboard; sourceTree = "<group>"; };
		EE667B81296F9FE800102EF1 /* Info.plist */ = {isa = PBXFileReference; lastKnownFileType = text.plist.xml; path = Info.plist; sourceTree = "<group>"; };
		EE667B86296F9FE800102EF1 /* SentimentAppTests.xctest */ = {isa = PBXFileReference; explicitFileType = wrapper.cfbundle; includeInIndex = 0; path = SentimentAppTests.xctest; sourceTree = BUILT_PRODUCTS_DIR; };
		EE667B8A296F9FE800102EF1 /* SentimentAppTests.swift */ = {isa = PBXFileReference; lastKnownFileType = sourcecode.swift; path = SentimentAppTests.swift; sourceTree = "<group>"; };
		EE667B90296F9FE800102EF1 /* SentimentAppUITests.xctest */ = {isa = PBXFileReference; explicitFileType = wrapper.cfbundle; includeInIndex = 0; path = SentimentAppUITests.xctest; sourceTree = BUILT_PRODUCTS_DIR; };
		EE667B94296F9FE800102EF1 /* SentimentAppUITests.swift */ = {isa = PBXFileReference; lastKnownFileType = sourcecode.swift; path = SentimentAppUITests.swift; sourceTree = "<group>"; };
		EE667B96296F9FE800102EF1 /* SentimentAppUITestsLaunchTests.swift */ = {isa = PBXFileReference; lastKnownFileType = sourcecode.swift; path = SentimentAppUITestsLaunchTests.swift; sourceTree = "<group>"; };
/* End PBXFileReference section */

/* Begin PBXFrameworksBuildPhase section */
		EE667B6D296F9FE600102EF1 /* Frameworks */ = {
			isa = PBXFrameworksBuildPhase;
			buildActionMask = 2147483647;
			files = (
			);
			runOnlyForDeploymentPostprocessing = 0;
		};
		EE667B83296F9FE800102EF1 /* Frameworks */ = {
			isa = PBXFrameworksBuildPhase;
			buildActionMask = 2147483647;
			files = (
			);
			runOnlyForDeploymentPostprocessing = 0;
		};
		EE667B8D296F9FE800102EF1 /* Frameworks */ = {
			isa = PBXFrameworksBuildPhase;
			buildActionMask = 2147483647;
			files = (
			);
			runOnlyForDeploymentPostprocessing = 0;
		};
/* End PBXFrameworksBuildPhase section */

/* Begin PBXGroup section */
		EE667B67296F9FE600102EF1 = {
			isa = PBXGroup;
			children = (
				EE667B72296F9FE600102EF1 /* SentimentApp */,
				EE667B89296F9FE800102EF1 /* SentimentAppTests */,
				EE667B93296F9FE800102EF1 /* SentimentAppUITests */,
				EE667B71296F9FE600102EF1 /* Products */,
			);
			sourceTree = "<group>";
		};
		EE667B71296F9FE600102EF1 /* Products */ = {
			isa = PBXGroup;
			children = (
				EE667B70296F9FE600102EF1 /* SentimentApp.app */,
				EE667B86296F9FE800102EF1 /* SentimentAppTests.xctest */,
				EE667B90296F9FE800102EF1 /* SentimentAppUITests.xctest */,
			);
			name = Products;
			sourceTree = "<group>";
		};
		EE667B72296F9FE600102EF1 /* SentimentApp */ = {
			isa = PBXGroup;
			children = (
				EE667B73296F9FE600102EF1 /* AppDelegate.swift */,
				EE667B75296F9FE600102EF1 /* SceneDelegate.swift */,
				EE667B77296F9FE600102EF1 /* ViewController.swift */,
				EE667B79296F9FE600102EF1 /* Main.storyboard */,
				EE667B7C296F9FE800102EF1 /* Assets.xcassets */,
				EE667B7E296F9FE800102EF1 /* LaunchScreen.storyboard */,
				EE667B81296F9FE800102EF1 /* Info.plist */,
			);
			path = SentimentApp;
			sourceTree = "<group>";
		};
		EE667B89296F9FE800102EF1 /* SentimentAppTests */ = {
			isa = PBXGroup;
			children = (
				EE667B8A296F9FE800102EF1 /* SentimentAppTests.swift */,
			);
			path = SentimentAppTests;
			sourceTree = "<group>";
		};
		EE667B93296F9FE800102EF1 /* SentimentAppUITests */ = {
			isa = PBXGroup;
			children = (
				EE667B94296F9FE800102EF1 /* SentimentAppUITests.swift */,
				EE667B96296F9FE800102EF1 /* SentimentAppUITestsLaunchTests.swift */,
			);
			path = SentimentAppUITests;
			sourceTree = "<group>";
		};
/* End PBXGroup section */

/* Begin PBXNativeTarget section */
		EE667B6F296F9FE600102EF1 /* SentimentApp */ = {
			isa = PBXNativeTarget;
			buildConfigurationList = EE667B9A296F9FE800102EF1 /* Build configuration list for PBXNativeTarget "SentimentApp" */;
			buildPhases = (
				EE667B6C296F9FE600102EF1 /* Sources */,
				EE667B6D296F9FE600102EF1 /* Frameworks */,
				EE667B6E296F9FE600102EF1 /* Resources */,
			);
			buildRules = (
			);
			dependencies = (
			);
			name = SentimentApp;
			productName = SentimentApp;
			productReference = EE667B70296F9FE600102EF1 /* SentimentApp.app */;
			productType = "com.apple.product-type.application";
		};
		EE667B85296F9FE800102EF1 /* SentimentAppTests */ = {
			isa = PBXNativeTarget;
			buildConfigurationList = EE667B9D296F9FE800102EF1 /* Build configuration list for PBXNativeTarget "SentimentAppTests" */;
			buildPhases = (
				EE667B82296F9FE800102EF1 /* Sources */,
				EE667B83296F9FE800102EF1 /* Frameworks */,
				EE667B84296F9FE800102EF1 /* Resources */,
			);
			buildRules = (
			);
			dependencies = (
				EE667B88296F9FE800102EF1 /* PBXTargetDependency */,
			);
			name = SentimentAppTests;
			productName = SentimentAppTests;
			productReference = EE667B86296F9FE800102EF1 /* SentimentAppTests.xctest */;
			productType = "com.apple.product-type.bundle.unit-test";
		};
		EE667B8F296F9FE800102EF1 /* SentimentAppUITests */ = {
			isa = PBXNativeTarget;
			buildConfigurationList = EE667BA0296F9FE800102EF1 /* Build configuration list for PBXNativeTarget "SentimentAppUITests" */;
			buildPhases = (
				EE667B8C296F9FE800102EF1 /* Sources */,
				EE667B8D296F9FE800102EF1 /* Frameworks */,
				EE667B8E296F9FE800102EF1 /* Resources */,
			);
			buildRules = (
			);
			dependencies = (
				EE667B92296F9FE800102EF1 /* PBXTargetDependency */,
			);
			name = SentimentAppUITests;
			productName = SentimentAppUITests;
			productReference = EE667B90296F9FE800102EF1 /* SentimentAppUITests.xctest */;
			productType = "com.apple.product-type.bundle.ui-testing";
		};
/* End PBXNativeTarget section */

/* Begin PBXProject section */
		EE667B68296F9FE600102EF1 /* Project object */ = {
			isa = PBXProject;
			attributes = {
				BuildIndependentTargetsInParallel = 1;
				LastSwiftUpdateCheck = 1420;
				LastUpgradeCheck = 1420;
				TargetAttributes = {
					EE667B6F296F9FE600102EF1 = {
						CreatedOnToolsVersion = 14.2;
					};
					EE667B85296F9FE800102EF1 = {
						CreatedOnToolsVersion = 14.2;
						TestTargetID = EE667B6F296F9FE600102EF1;
					};
					EE667B8F296F9FE800102EF1 = {
						CreatedOnToolsVersion = 14.2;
						TestTargetID = EE667B6F296F9FE600102EF1;
					};
				};
			};
			buildConfigurationList = EE667B6B296F9FE600102EF1 /* Build configuration list for PBXProject "SentimentApp" */;
			compatibilityVersion = "Xcode 14.0";
			developmentRegion = en;
			hasScannedForEncodings = 0;
			knownRegions = (
				en,
				Base,
			);
			mainGroup = EE667B67296F9FE600102EF1;
			productRefGroup = EE667B71296F9FE600102EF1 /* Products */;
			projectDirPath = "";
			projectRoot = "";
			targets = (
				EE667B6F296F9FE600102EF1 /* SentimentApp */,
				EE667B85296F9FE800102EF1 /* SentimentAppTests */,
				EE667B8F296F9FE800102EF1 /* SentimentAppUITests */,
			);
		};
/* End PBXProject section */

/* Begin PBXResourcesBuildPhase section */
		EE667B6E296F9FE600102EF1 /* Resources */ = {
			isa = PBXResourcesBuildPhase;
			buildActionMask = 2147483647;
			files = (
				EE667B80296F9FE800102EF1 /* LaunchScreen.storyboard in Resources */,
				EE667B7D296F9FE800102EF1 /* Assets.xcassets in Resources */,
				EE667B7B296F9FE600102EF1 /* Main.storyboard in Resources */,
			);
			runOnlyForDeploymentPostprocessing = 0;
		};
		EE667B84296F9FE800102EF1 /* Resources */ = {
			isa = PBXResourcesBuildPhase;
			buildActionMask = 2147483647;
			files = (
			);
			runOnlyForDeploymentPostprocessing = 0;
		};
		EE667B8E296F9FE800102EF1 /* Resources */ = {
			isa = PBXResourcesBuildPhase;
			buildActionMask = 2147483647;
			files = (
			);
			runOnlyForDeploymentPostprocessing = 0;
		};
/* End PBXResourcesBuildPhase section */

/* Begin PBXSourcesBuildPhase section */
		EE667B6C296F9FE600102EF1 /* Sources */ = {
			isa = PBXSourcesBuildPhase;
			buildActionMask = 2147483647;
			files = (
				EE667B78296F9FE600102EF1 /* ViewController.swift in Sources */,
				EE667B74296F9FE600102EF1 /* AppDelegate.swift in Sources */,
				EE667B76296F9FE600102EF1 /* SceneDelegate.swift in Sources */,
			);
			runOnlyForDeploymentPostprocessing = 0;
		};
		EE667B82296F9FE800102EF1 /* Sources */ = {
			isa = PBXSourcesBuildPhase;
			buildActionMask = 2147483647;
			files = (
				EE667B8B296F9FE800102EF1 /* SentimentAppTests.swift in Sources */,
			);
			runOnlyForDeploymentPostprocessing = 0;
		};
		EE667B8C296F9FE800102EF1 /* Sources */ = {
			isa = PBXSourcesBuildPhase;
			buildActionMask = 2147483647;
			files = (
				EE667B97296F9FE800102EF1 /* SentimentAppUITestsLaunchTests.swift in Sources */,
				EE667B95296F9FE800102EF1 /* SentimentAppUITests.swift in Sources */,
			);
			runOnlyForDeploymentPostprocessing = 0;
		};
/* End PBXSourcesBuildPhase section */

/* Begin PBXTargetDependency section */
		EE667B88296F9FE800102EF1 /* PBXTargetDependency */ = {
			isa = PBXTargetDependency;
			target = EE667B6F296F9FE600102EF1 /* SentimentApp */;
			targetProxy = EE667B87296F9FE800102EF1 /* PBXContainerItemProxy */;
		};
		EE667B92296F9FE800102EF1 /* PBXTargetDependency */ = {
			isa = PBXTargetDependency;
			target = EE667B6F296F9FE600102EF1 /* SentimentApp */;
			targetProxy = EE667B91296F9FE800102EF1 /* PBXContainerItemProxy */;
		};
/* End PBXTargetDependency section */

/* Begin PBXVariantGroup section */
		EE667B79296F9FE600102EF1 /* Main.storyboard */ = {
			isa = PBXVariantGroup;
			children = (
				EE667B7A296F9FE600102EF1 /* Base */,
			);
			name = Main.storyboard;
			sourceTree = "<group>";
		};
		EE667B7E296F9FE800102EF1 /* LaunchScreen.storyboard */ = {
			isa = PBXVariantGroup;
			children = (
				EE667B7F296F9FE800102EF1 /* Base */,
			);
			name = LaunchScreen.storyboard;
			sourceTree = "<group>";
		};
/* End PBXVariantGroup section */

/* Begin XCBuildConfiguration section */
		EE667B98296F9FE800102EF1 /* Debug */ = {
			isa = XCBuildConfiguration;
			buildSettings = {
				ALWAYS_SEARCH_USER_PATHS = NO;
				CLANG_ANALYZER_NONNULL = YES;
				CLANG_ANALYZER_NUMBER_OBJECT_CONVERSION = YES_AGGRESSIVE;
				CLANG_CXX_LANGUAGE_STANDARD = "gnu++20";
				CLANG_ENABLE_MODULES = YES;
				CLANG_ENABLE_OBJC_ARC = YES;
				CLANG_ENABLE_OBJC_WEAK = YES;
				CLANG_WARN_BLOCK_CAPTURE_AUTORELEASING = YES;
				CLANG_WARN_BOOL_CONVERSION = YES;
				CLANG_WARN_COMMA = YES;
				CLANG_WARN_CONSTANT_CONVERSION = YES;
				CLANG_WARN_DEPRECATED_OBJC_IMPLEMENTATIONS = YES;
				CLANG_WARN_DIRECT_OBJC_ISA_USAGE = YES_ERROR;
				CLANG_WARN_DOCUMENTATION_COMMENTS = YES;
				CLANG_WARN_EMPTY_BODY = YES;
				CLANG_WARN_ENUM_CONVERSION = YES;
				CLANG_WARN_INFINITE_RECURSION = YES;
				CLANG_WARN_INT_CONVERSION = YES;
				CLANG_WARN_NON_LITERAL_NULL_CONVERSION = YES;
				CLANG_WARN_OBJC_IMPLICIT_RETAIN_SELF = YES;
				CLANG_WARN_OBJC_LITERAL_CONVERSION = YES;
				CLANG_WARN_OBJC_ROOT_CLASS = YES_ERROR;
				CLANG_WARN_QUOTED_INCLUDE_IN_FRAMEWORK_HEADER = YES;
				CLANG_WARN_RANGE_LOOP_ANALYSIS = YES;
				CLANG_WARN_STRICT_PROTOTYPES = YES;
				CLANG_WARN_SUSPICIOUS_MOVE = YES;
				CLANG_WARN_UNGUARDED_AVAILABILITY = YES_AGGRESSIVE;
				CLANG_WARN_UNREACHABLE_CODE = YES;
				CLANG_WARN__DUPLICATE_METHOD_MATCH = YES;
				COPY_PHASE_STRIP = NO;
				DEBUG_INFORMATION_FORMAT = dwarf;
				ENABLE_STRICT_OBJC_MSGSEND = YES;
				ENABLE_TESTABILITY = YES;
				GCC_C_LANGUAGE_STANDARD = gnu11;
				GCC_DYNAMIC_NO_PIC = NO;
				GCC_NO_COMMON_BLOCKS = YES;
				GCC_OPTIMIZATION_LEVEL = 0;
				GCC_PREPROCESSOR_DEFINITIONS = (
					"DEBUG=1",
					"$(inherited)",
				);
				GCC_WARN_64_TO_32_BIT_CONVERSION = YES;
				GCC_WARN_ABOUT_RETURN_TYPE = YES_ERROR;
				GCC_WARN_UNDECLARED_SELECTOR = YES;
				GCC_WARN_UNINITIALIZED_AUTOS = YES_AGGRESSIVE;
				GCC_WARN_UNUSED_FUNCTION = YES;
				GCC_WARN_UNUSED_VARIABLE = YES;
				IPHONEOS_DEPLOYMENT_TARGET = 16.2;
				MTL_ENABLE_DEBUG_INFO = INCLUDE_SOURCE;
				MTL_FAST_MATH = YES;
				ONLY_ACTIVE_ARCH = YES;
				SDKROOT = iphoneos;
				SWIFT_ACTIVE_COMPILATION_CONDITIONS = DEBUG;
				SWIFT_OPTIMIZATION_LEVEL = "-Onone";
			};
			name = Debug;
		};
		EE667B99296F9FE800102EF1 /* Release */ = {
			isa = XCBuildConfiguration;
			buildSettings = {
				ALWAYS_SEARCH_USER_PATHS = NO;
				CLANG_ANALYZER_NONNULL = YES;
				CLANG_ANALYZER_NUMBER_OBJECT_CONVERSION = YES_AGGRESSIVE;
				CLANG_CXX_LANGUAGE_STANDARD = "gnu++20";
				CLANG_ENABLE_MODULES = YES;
				CLANG_ENABLE_OBJC_ARC = YES;
				CLANG_ENABLE_OBJC_WEAK = YES;
				CLANG_WARN_BLOCK_CAPTURE_AUTORELEASING = YES;
				CLANG_WARN_BOOL_CONVERSION = YES;
				CLANG_WARN_COMMA = YES;
				CLANG_WARN_CONSTANT_CONVERSION = YES;
				CLANG_WARN_DEPRECATED_OBJC_IMPLEMENTATIONS = YES;
				CLANG_WARN_DIRECT_OBJC_ISA_USAGE = YES_ERROR;
				CLANG_WARN_DOCUMENTATION_COMMENTS = YES;
				CLANG_WARN_EMPTY_BODY = YES;
				CLANG_WARN_ENUM_CONVERSION = YES;
				CLANG_WARN_INFINITE_RECURSION = YES;
				CLANG_WARN_INT_CONVERSION = YES;
				CLANG_WARN_NON_LITERAL_NULL_CONVERSION = YES;
				CLANG_WARN_OBJC_IMPLICIT_RETAIN_SELF = YES;
				CLANG_WARN_OBJC_LITERAL_CONVERSION = YES;
				CLANG_WARN_OBJC_ROOT_CLASS = YES_ERROR;
				CLANG_WARN_QUOTED_INCLUDE_IN_FRAMEWORK_HEADER = YES;
				CLANG_WARN_RANGE_LOOP_ANALYSIS = YES;
				CLANG_WARN_STRICT_PROTOTYPES = YES;
				CLANG_WARN_SUSPICIOUS_MOVE = YES;
				CLANG_WARN_UNGUARDED_AVAILABILITY = YES_AGGRESSIVE;
				CLANG_WARN_UNREACHABLE_CODE = YES;
				CLANG_WARN__DUPLICATE_METHOD_MATCH = YES;
				COPY_PHASE_STRIP = NO;
				DEBUG_INFORMATION_FORMAT = "dwarf-with-dsym";
				ENABLE_NS_ASSERTIONS = NO;
				ENABLE_STRICT_OBJC_MSGSEND = YES;
				GCC_C_LANGUAGE_STANDARD = gnu11;
				GCC_NO_COMMON_BLOCKS = YES;
				GCC_WARN_64_TO_32_BIT_CONVERSION = YES;
				GCC_WARN_ABOUT_RETURN_TYPE = YES_ERROR;
				GCC_WARN_UNDECLARED_SELECTOR = YES;
				GCC_WARN_UNINITIALIZED_AUTOS = YES_AGGRESSIVE;
				GCC_WARN_UNUSED_FUNCTION = YES;
				GCC_WARN_UNUSED_VARIABLE = YES;
				IPHONEOS_DEPLOYMENT_TARGET = 16.2;
				MTL_ENABLE_DEBUG_INFO = NO;
				MTL_FAST_MATH = YES;
				SDKROOT = iphoneos;
				SWIFT_COMPILATION_MODE = wholemodule;
				SWIFT_OPTIMIZATION_LEVEL = "-O";
				VALIDATE_PRODUCT = YES;
			};
			name = Release;
		};
		EE667B9B296F9FE800102EF1 /* Debug */ = {
			isa = XCBuildConfiguration;
			buildSettings = {
				ASSETCATALOG_COMPILER_APPICON_NAME = AppIcon;
				ASSETCATALOG_COMPILER_GLOBAL_ACCENT_COLOR_NAME = AccentColor;
				CODE_SIGN_STYLE = Automatic;
				CURRENT_PROJECT_VERSION = 1;
				DEVELOPMENT_TEAM = P6Y2YQXFH8;
				GENERATE_INFOPLIST_FILE = YES;
				INFOPLIST_FILE = SentimentApp/Info.plist;
				INFOPLIST_KEY_UIApplicationSupportsIndirectInputEvents = YES;
				INFOPLIST_KEY_UILaunchStoryboardName = LaunchScreen;
				INFOPLIST_KEY_UIMainStoryboardFile = Main;
				INFOPLIST_KEY_UISupportedInterfaceOrientations_iPad = "UIInterfaceOrientationPortrait UIInterfaceOrientationPortraitUpsideDown UIInterfaceOrientationLandscapeLeft UIInterfaceOrientationLandscapeRight";
				INFOPLIST_KEY_UISupportedInterfaceOrientations_iPhone = "UIInterfaceOrientationPortrait UIInterfaceOrientationLandscapeLeft UIInterfaceOrientationLandscapeRight";
				LD_RUNPATH_SEARCH_PATHS = (
					"$(inherited)",
					"@executable_path/Frameworks",
				);
				MARKETING_VERSION = 1.0;
				PRODUCT_BUNDLE_IDENTIFIER = com.john.SentimentApp;
				PRODUCT_NAME = "$(TARGET_NAME)";
				SWIFT_EMIT_LOC_STRINGS = YES;
				SWIFT_VERSION = 5.0;
				TARGETED_DEVICE_FAMILY = "1,2";
			};
			name = Debug;
		};
		EE667B9C296F9FE800102EF1 /* Release */ = {
			isa = XCBuildConfiguration;
			buildSettings = {
				ASSETCATALOG_COMPILER_APPICON_NAME = AppIcon;
				ASSETCATALOG_COMPILER_GLOBAL_ACCENT_COLOR_NAME = AccentColor;
				CODE_SIGN_STYLE = Automatic;
				CURRENT_PROJECT_VERSION = 1;
				DEVELOPMENT_TEAM = P6Y2YQXFH8;
				GENERATE_INFOPLIST_FILE = YES;
				INFOPLIST_FILE = SentimentApp/Info.plist;
				INFOPLIST_KEY_UIApplicationSupportsIndirectInputEvents = YES;
				INFOPLIST_KEY_UILaunchStoryboardName = LaunchScreen;
				INFOPLIST_KEY_UIMainStoryboardFile = Main;
				INFOPLIST_KEY_UISupportedInterfaceOrientations_iPad = "UIInterfaceOrientationPortrait UIInterfaceOrientationPortraitUpsideDown UIInterfaceOrientationLandscapeLeft UIInterfaceOrientationLandscapeRight";
				INFOPLIST_KEY_UISupportedInterfaceOrientations_iPhone = "UIInterfaceOrientationPortrait UIInterfaceOrientationLandscapeLeft UIInterfaceOrientationLandscapeRight";
				LD_RUNPATH_SEARCH_PATHS = (
					"$(inherited)",
					"@executable_path/Frameworks",
				);
				MARKETING_VERSION = 1.0;
				PRODUCT_BUNDLE_IDENTIFIER = com.john.SentimentApp;
				PRODUCT_NAME = "$(TARGET_NAME)";
				SWIFT_EMIT_LOC_STRINGS = YES;
				SWIFT_VERSION = 5.0;
				TARGETED_DEVICE_FAMILY = "1,2";
			};
			name = Release;
		};
		EE667B9E296F9FE800102EF1 /* Debug */ = {
			isa = XCBuildConfiguration;
			buildSettings = {
				ALWAYS_EMBED_SWIFT_STANDARD_LIBRARIES = YES;
				BUNDLE_LOADER = "$(TEST_HOST)";
				CODE_SIGN_STYLE = Automatic;
				CURRENT_PROJECT_VERSION = 1;
				DEVELOPMENT_TEAM = P6Y2YQXFH8;
				GENERATE_INFOPLIST_FILE = YES;
				IPHONEOS_DEPLOYMENT_TARGET = 16.2;
				MARKETING_VERSION = 1.0;
				PRODUCT_BUNDLE_IDENTIFIER = com.john.SentimentAppTests;
				PRODUCT_NAME = "$(TARGET_NAME)";
				SWIFT_EMIT_LOC_STRINGS = NO;
				SWIFT_VERSION = 5.0;
				TARGETED_DEVICE_FAMILY = "1,2";
				TEST_HOST = "$(BUILT_PRODUCTS_DIR)/SentimentApp.app/$(BUNDLE_EXECUTABLE_FOLDER_PATH)/SentimentApp";
			};
			name = Debug;
		};
		EE667B9F296F9FE800102EF1 /* Release */ = {
			isa = XCBuildConfiguration;
			buildSettings = {
				ALWAYS_EMBED_SWIFT_STANDARD_LIBRARIES = YES;
				BUNDLE_LOADER = "$(TEST_HOST)";
				CODE_SIGN_STYLE = Automatic;
				CURRENT_PROJECT_VERSION = 1;
				DEVELOPMENT_TEAM = P6Y2YQXFH8;
				GENERATE_INFOPLIST_FILE = YES;
				IPHONEOS_DEPLOYMENT_TARGET = 16.2;
				MARKETING_VERSION = 1.0;
				PRODUCT_BUNDLE_IDENTIFIER = com.john.SentimentAppTests;
				PRODUCT_NAME = "$(TARGET_NAME)";
				SWIFT_EMIT_LOC_STRINGS = NO;
				SWIFT_VERSION = 5.0;
				TARGETED_DEVICE_FAMILY = "1,2";
				TEST_HOST = "$(BUILT_PRODUCTS_DIR)/SentimentApp.app/$(BUNDLE_EXECUTABLE_FOLDER_PATH)/SentimentApp";
			};
			name = Release;
		};
		EE667BA1296F9FE800102EF1 /* Debug */ = {
			isa = XCBuildConfiguration;
			buildSettings = {
				ALWAYS_EMBED_SWIFT_STANDARD_LIBRARIES = YES;
				CODE_SIGN_STYLE = Automatic;
				CURRENT_PROJECT_VERSION = 1;
				DEVELOPMENT_TEAM = P6Y2YQXFH8;
				GENERATE_INFOPLIST_FILE = YES;
				MARKETING_VERSION = 1.0;
				PRODUCT_BUNDLE_IDENTIFIER = com.john.SentimentAppUITests;
				PRODUCT_NAME = "$(TARGET_NAME)";
				SWIFT_EMIT_LOC_STRINGS = NO;
				SWIFT_VERSION = 5.0;
				TARGETED_DEVICE_FAMILY = "1,2";
				TEST_TARGET_NAME = SentimentApp;
			};
			name = Debug;
		};
		EE667BA2296F9FE800102EF1 /* Release */ = {
			isa = XCBuildConfiguration;
			buildSettings = {
				ALWAYS_EMBED_SWIFT_STANDARD_LIBRARIES = YES;
				CODE_SIGN_STYLE = Automatic;
				CURRENT_PROJECT_VERSION = 1;
				DEVELOPMENT_TEAM = P6Y2YQXFH8;
				GENERATE_INFOPLIST_FILE = YES;
				MARKETING_VERSION = 1.0;
				PRODUCT_BUNDLE_IDENTIFIER = com.john.SentimentAppUITests;
				PRODUCT_NAME = "$(TARGET_NAME)";
				SWIFT_EMIT_LOC_STRINGS = NO;
				SWIFT_VERSION = 5.0;
				TARGETED_DEVICE_FAMILY = "1,2";
				TEST_TARGET_NAME = SentimentApp;
			};
			name = Release;
		};
/* End XCBuildConfiguration section */

/* Begin XCConfigurationList section */
		EE667B6B296F9FE600102EF1 /* Build configuration list for PBXProject "SentimentApp" */ = {
			isa = XCConfigurationList;
			buildConfigurations = (
				EE667B98296F9FE800102EF1 /* Debug */,
				EE667B99296F9FE800102EF1 /* Release */,
			);
			defaultConfigurationIsVisible = 0;
			defaultConfigurationName = Release;
		};
		EE667B9A296F9FE800102EF1 /* Build configuration list for PBXNativeTarget "SentimentApp" */ = {
			isa = XCConfigurationList;
			buildConfigurations = (
				EE667B9B296F9FE800102EF1 /* Debug */,
				EE667B9C296F9FE800102EF1 /* Release */,
			);
			defaultConfigurationIsVisible = 0;
			defaultConfigurationName = Release;
		};
		EE667B9D296F9FE800102EF1 /* Build configuration list for PBXNativeTarget "SentimentAppTests" */ = {
			isa = XCConfigurationList;
			buildConfigurations = (
				EE667B9E296F9FE800102EF1 /* Debug */,
				EE667B9F296F9FE800102EF1 /* Release */,
			);
			defaultConfigurationIsVisible = 0;
			defaultConfigurationName = Release;
		};
		EE667BA0296F9FE800102EF1 /* Build configuration list for PBXNativeTarget "SentimentAppUITests" */ = {
			isa = XCConfigurationList;
			buildConfigurations = (
				EE667BA1296F9FE800102EF1 /* Debug */,
				EE667BA2296F9FE800102EF1 /* Release */,
			);
			defaultConfigurationIsVisible = 0;
			defaultConfigurationName = Release;
		};
/* End XCConfigurationList section */
	};
	rootObject = EE667B68296F9FE600102EF1 /* Project object */;
}
